// !$*UTF8*$!
{
	archiveVersion = 1;
	classes = {
	};
	objectVersion = 46;
	objects = {

/* Begin PBXBuildFile section */
		CAB6C4781C6ADE6A00D34F7B /* ModelClass.m in Sources */ = {isa = PBXBuildFile; fileRef = CAB6C4771C6ADE6A00D34F7B /* ModelClass.m */; };
		CAB6C47B1C6ADF5500D34F7B /* MangerClass.m in Sources */ = {isa = PBXBuildFile; fileRef = CAB6C47A1C6ADF5500D34F7B /* MangerClass.m */; };
		CAB6C4D41C6BB65900D34F7B /* AFHTTPRequestOperation.m in Sources */ = {isa = PBXBuildFile; fileRef = CAB6C4C21C6BB65900D34F7B /* AFHTTPRequestOperation.m */; };
		CAB6C4D51C6BB65900D34F7B /* AFHTTPRequestOperationManager.m in Sources */ = {isa = PBXBuildFile; fileRef = CAB6C4C41C6BB65900D34F7B /* AFHTTPRequestOperationManager.m */; };
		CAB6C4D61C6BB65900D34F7B /* AFHTTPSessionManager.m in Sources */ = {isa = PBXBuildFile; fileRef = CAB6C4C61C6BB65900D34F7B /* AFHTTPSessionManager.m */; };
		CAB6C4D71C6BB65900D34F7B /* AFNetworkReachabilityManager.m in Sources */ = {isa = PBXBuildFile; fileRef = CAB6C4C91C6BB65900D34F7B /* AFNetworkReachabilityManager.m */; };
		CAB6C4D81C6BB65900D34F7B /* AFSecurityPolicy.m in Sources */ = {isa = PBXBuildFile; fileRef = CAB6C4CB1C6BB65900D34F7B /* AFSecurityPolicy.m */; };
		CAB6C4D91C6BB65900D34F7B /* AFURLConnectionOperation.m in Sources */ = {isa = PBXBuildFile; fileRef = CAB6C4CD1C6BB65900D34F7B /* AFURLConnectionOperation.m */; };
		CAB6C4DA1C6BB65900D34F7B /* AFURLRequestSerialization.m in Sources */ = {isa = PBXBuildFile; fileRef = CAB6C4CF1C6BB65900D34F7B /* AFURLRequestSerialization.m */; };
		CAB6C4DB1C6BB65900D34F7B /* AFURLResponseSerialization.m in Sources */ = {isa = PBXBuildFile; fileRef = CAB6C4D11C6BB65900D34F7B /* AFURLResponseSerialization.m */; };
		CAB6C4DC1C6BB65900D34F7B /* AFURLSessionManager.m in Sources */ = {isa = PBXBuildFile; fileRef = CAB6C4D31C6BB65900D34F7B /* AFURLSessionManager.m */; };
		CAB6C4ED1C6BB67200D34F7B /* AFNetworkActivityIndicatorManager.m in Sources */ = {isa = PBXBuildFile; fileRef = CAB6C4DF1C6BB67200D34F7B /* AFNetworkActivityIndicatorManager.m */; };
		CAB6C4EE1C6BB67200D34F7B /* UIActivityIndicatorView+AFNetworking.m in Sources */ = {isa = PBXBuildFile; fileRef = CAB6C4E11C6BB67200D34F7B /* UIActivityIndicatorView+AFNetworking.m */; };
		CAB6C4EF1C6BB67200D34F7B /* UIAlertView+AFNetworking.m in Sources */ = {isa = PBXBuildFile; fileRef = CAB6C4E31C6BB67200D34F7B /* UIAlertView+AFNetworking.m */; };
		CAB6C4F01C6BB67200D34F7B /* UIButton+AFNetworking.m in Sources */ = {isa = PBXBuildFile; fileRef = CAB6C4E51C6BB67200D34F7B /* UIButton+AFNetworking.m */; };
		CAB6C4F11C6BB67200D34F7B /* UIImageView+AFNetworking.m in Sources */ = {isa = PBXBuildFile; fileRef = CAB6C4E71C6BB67200D34F7B /* UIImageView+AFNetworking.m */; };
		CAB6C4F21C6BB67200D34F7B /* UIProgressView+AFNetworking.m in Sources */ = {isa = PBXBuildFile; fileRef = CAB6C4EA1C6BB67200D34F7B /* UIProgressView+AFNetworking.m */; };
		CAB6C4F31C6BB67200D34F7B /* UIWebView+AFNetworking.m in Sources */ = {isa = PBXBuildFile; fileRef = CAB6C4EC1C6BB67200D34F7B /* UIWebView+AFNetworking.m */; };
		CAE690691C6A79E80015A3FC /* main.m in Sources */ = {isa = PBXBuildFile; fileRef = CAE690681C6A79E80015A3FC /* main.m */; };
		CAE6906C1C6A79E80015A3FC /* AppDelegate.m in Sources */ = {isa = PBXBuildFile; fileRef = CAE6906B1C6A79E80015A3FC /* AppDelegate.m */; };
		CAE6906F1C6A79E80015A3FC /* ViewController.m in Sources */ = {isa = PBXBuildFile; fileRef = CAE6906E1C6A79E80015A3FC /* ViewController.m */; };
		CAE690721C6A79E80015A3FC /* Main.storyboard in Resources */ = {isa = PBXBuildFile; fileRef = CAE690701C6A79E80015A3FC /* Main.storyboard */; };
		CAE690741C6A79E80015A3FC /* Assets.xcassets in Resources */ = {isa = PBXBuildFile; fileRef = CAE690731C6A79E80015A3FC /* Assets.xcassets */; };
		CAE690771C6A79E80015A3FC /* LaunchScreen.storyboard in Resources */ = {isa = PBXBuildFile; fileRef = CAE690751C6A79E80015A3FC /* LaunchScreen.storyboard */; };
		CAE690821C6A79E80015A3FC /* iOSProgrammingTestTests.m in Sources */ = {isa = PBXBuildFile; fileRef = CAE690811C6A79E80015A3FC /* iOSProgrammingTestTests.m */; };
		CAE6908D1C6A79E80015A3FC /* iOSProgrammingTestUITests.m in Sources */ = {isa = PBXBuildFile; fileRef = CAE6908C1C6A79E80015A3FC /* iOSProgrammingTestUITests.m */; };
		CAFF16A71C6BE3DF00B2B3AB /* MBProgressHUD.m in Sources */ = {isa = PBXBuildFile; fileRef = CAFF16A61C6BE3DF00B2B3AB /* MBProgressHUD.m */; };
/* End PBXBuildFile section */

/* Begin PBXContainerItemProxy section */
		CAE6907E1C6A79E80015A3FC /* PBXContainerItemProxy */ = {
			isa = PBXContainerItemProxy;
			containerPortal = CAE6905C1C6A79E70015A3FC /* Project object */;
			proxyType = 1;
			remoteGlobalIDString = CAE690631C6A79E80015A3FC;
			remoteInfo = iOSProgrammingTest;
		};
		CAE690891C6A79E80015A3FC /* PBXContainerItemProxy */ = {
			isa = PBXContainerItemProxy;
			containerPortal = CAE6905C1C6A79E70015A3FC /* Project object */;
			proxyType = 1;
			remoteGlobalIDString = CAE690631C6A79E80015A3FC;
			remoteInfo = iOSProgrammingTest;
		};
/* End PBXContainerItemProxy section */

/* Begin PBXFileReference section */
		CAB6C4761C6ADE6A00D34F7B /* ModelClass.h */ = {isa = PBXFileReference; fileEncoding = 4; lastKnownFileType = sourcecode.c.h; path = ModelClass.h; sourceTree = "<group>"; };
		CAB6C4771C6ADE6A00D34F7B /* ModelClass.m */ = {isa = PBXFileReference; fileEncoding = 4; lastKnownFileType = sourcecode.c.objc; path = ModelClass.m; sourceTree = "<group>"; };
		CAB6C4791C6ADF5500D34F7B /* MangerClass.h */ = {isa = PBXFileReference; fileEncoding = 4; lastKnownFileType = sourcecode.c.h; name = MangerClass.h; path = ../MangerClass.h; sourceTree = "<group>"; };
		CAB6C47A1C6ADF5500D34F7B /* MangerClass.m */ = {isa = PBXFileReference; fileEncoding = 4; lastKnownFileType = sourcecode.c.objc; name = MangerClass.m; path = ../MangerClass.m; sourceTree = "<group>"; };
		CAB6C4C11C6BB65900D34F7B /* AFHTTPRequestOperation.h */ = {isa = PBXFileReference; fileEncoding = 4; lastKnownFileType = sourcecode.c.h; path = AFHTTPRequestOperation.h; sourceTree = "<group>"; };
		CAB6C4C21C6BB65900D34F7B /* AFHTTPRequestOperation.m */ = {isa = PBXFileReference; fileEncoding = 4; lastKnownFileType = sourcecode.c.objc; path = AFHTTPRequestOperation.m; sourceTree = "<group>"; };
		CAB6C4C31C6BB65900D34F7B /* AFHTTPRequestOperationManager.h */ = {isa = PBXFileReference; fileEncoding = 4; lastKnownFileType = sourcecode.c.h; path = AFHTTPRequestOperationManager.h; sourceTree = "<group>"; };
		CAB6C4C41C6BB65900D34F7B /* AFHTTPRequestOperationManager.m */ = {isa = PBXFileReference; fileEncoding = 4; lastKnownFileType = sourcecode.c.objc; path = AFHTTPRequestOperationManager.m; sourceTree = "<group>"; };
		CAB6C4C51C6BB65900D34F7B /* AFHTTPSessionManager.h */ = {isa = PBXFileReference; fileEncoding = 4; lastKnownFileType = sourcecode.c.h; path = AFHTTPSessionManager.h; sourceTree = "<group>"; };
		CAB6C4C61C6BB65900D34F7B /* AFHTTPSessionManager.m */ = {isa = PBXFileReference; fileEncoding = 4; lastKnownFileType = sourcecode.c.objc; path = AFHTTPSessionManager.m; sourceTree = "<group>"; };
		CAB6C4C71C6BB65900D34F7B /* AFNetworking.h */ = {isa = PBXFileReference; fileEncoding = 4; lastKnownFileType = sourcecode.c.h; path = AFNetworking.h; sourceTree = "<group>"; };
		CAB6C4C81C6BB65900D34F7B /* AFNetworkReachabilityManager.h */ = {isa = PBXFileReference; fileEncoding = 4; lastKnownFileType = sourcecode.c.h; path = AFNetworkReachabilityManager.h; sourceTree = "<group>"; };
		CAB6C4C91C6BB65900D34F7B /* AFNetworkReachabilityManager.m */ = {isa = PBXFileReference; fileEncoding = 4; lastKnownFileType = sourcecode.c.objc; path = AFNetworkReachabilityManager.m; sourceTree = "<group>"; };
		CAB6C4CA1C6BB65900D34F7B /* AFSecurityPolicy.h */ = {isa = PBXFileReference; fileEncoding = 4; lastKnownFileType = sourcecode.c.h; path = AFSecurityPolicy.h; sourceTree = "<group>"; };
		CAB6C4CB1C6BB65900D34F7B /* AFSecurityPolicy.m */ = {isa = PBXFileReference; fileEncoding = 4; lastKnownFileType = sourcecode.c.objc; path = AFSecurityPolicy.m; sourceTree = "<group>"; };
		CAB6C4CC1C6BB65900D34F7B /* AFURLConnectionOperation.h */ = {isa = PBXFileReference; fileEncoding = 4; lastKnownFileType = sourcecode.c.h; path = AFURLConnectionOperation.h; sourceTree = "<group>"; };
		CAB6C4CD1C6BB65900D34F7B /* AFURLConnectionOperation.m */ = {isa = PBXFileReference; fileEncoding = 4; lastKnownFileType = sourcecode.c.objc; path = AFURLConnectionOperation.m; sourceTree = "<group>"; };
		CAB6C4CE1C6BB65900D34F7B /* AFURLRequestSerialization.h */ = {isa = PBXFileReference; fileEncoding = 4; lastKnownFileType = sourcecode.c.h; path = AFURLRequestSerialization.h; sourceTree = "<group>"; };
		CAB6C4CF1C6BB65900D34F7B /* AFURLRequestSerialization.m */ = {isa = PBXFileReference; fileEncoding = 4; lastKnownFileType = sourcecode.c.objc; path = AFURLRequestSerialization.m; sourceTree = "<group>"; };
		CAB6C4D01C6BB65900D34F7B /* AFURLResponseSerialization.h */ = {isa = PBXFileReference; fileEncoding = 4; lastKnownFileType = sourcecode.c.h; path = AFURLResponseSerialization.h; sourceTree = "<group>"; };
		CAB6C4D11C6BB65900D34F7B /* AFURLResponseSerialization.m */ = {isa = PBXFileReference; fileEncoding = 4; lastKnownFileType = sourcecode.c.objc; path = AFURLResponseSerialization.m; sourceTree = "<group>"; };
		CAB6C4D21C6BB65900D34F7B /* AFURLSessionManager.h */ = {isa = PBXFileReference; fileEncoding = 4; lastKnownFileType = sourcecode.c.h; path = AFURLSessionManager.h; sourceTree = "<group>"; };
		CAB6C4D31C6BB65900D34F7B /* AFURLSessionManager.m */ = {isa = PBXFileReference; fileEncoding = 4; lastKnownFileType = sourcecode.c.objc; path = AFURLSessionManager.m; sourceTree = "<group>"; };
		CAB6C4DE1C6BB67200D34F7B /* AFNetworkActivityIndicatorManager.h */ = {isa = PBXFileReference; fileEncoding = 4; lastKnownFileType = sourcecode.c.h; path = AFNetworkActivityIndicatorManager.h; sourceTree = "<group>"; };
		CAB6C4DF1C6BB67200D34F7B /* AFNetworkActivityIndicatorManager.m */ = {isa = PBXFileReference; fileEncoding = 4; lastKnownFileType = sourcecode.c.objc; path = AFNetworkActivityIndicatorManager.m; sourceTree = "<group>"; };
		CAB6C4E01C6BB67200D34F7B /* UIActivityIndicatorView+AFNetworking.h */ = {isa = PBXFileReference; fileEncoding = 4; lastKnownFileType = sourcecode.c.h; path = "UIActivityIndicatorView+AFNetworking.h"; sourceTree = "<group>"; };
		CAB6C4E11C6BB67200D34F7B /* UIActivityIndicatorView+AFNetworking.m */ = {isa = PBXFileReference; fileEncoding = 4; lastKnownFileType = sourcecode.c.objc; path = "UIActivityIndicatorView+AFNetworking.m"; sourceTree = "<group>"; };
		CAB6C4E21C6BB67200D34F7B /* UIAlertView+AFNetworking.h */ = {isa = PBXFileReference; fileEncoding = 4; lastKnownFileType = sourcecode.c.h; path = "UIAlertView+AFNetworking.h"; sourceTree = "<group>"; };
		CAB6C4E31C6BB67200D34F7B /* UIAlertView+AFNetworking.m */ = {isa = PBXFileReference; fileEncoding = 4; lastKnownFileType = sourcecode.c.objc; path = "UIAlertView+AFNetworking.m"; sourceTree = "<group>"; };
		CAB6C4E41C6BB67200D34F7B /* UIButton+AFNetworking.h */ = {isa = PBXFileReference; fileEncoding = 4; lastKnownFileType = sourcecode.c.h; path = "UIButton+AFNetworking.h"; sourceTree = "<group>"; };
		CAB6C4E51C6BB67200D34F7B /* UIButton+AFNetworking.m */ = {isa = PBXFileReference; fileEncoding = 4; lastKnownFileType = sourcecode.c.objc; path = "UIButton+AFNetworking.m"; sourceTree = "<group>"; };
		CAB6C4E61C6BB67200D34F7B /* UIImageView+AFNetworking.h */ = {isa = PBXFileReference; fileEncoding = 4; lastKnownFileType = sourcecode.c.h; path = "UIImageView+AFNetworking.h"; sourceTree = "<group>"; };
		CAB6C4E71C6BB67200D34F7B /* UIImageView+AFNetworking.m */ = {isa = PBXFileReference; fileEncoding = 4; lastKnownFileType = sourcecode.c.objc; path = "UIImageView+AFNetworking.m"; sourceTree = "<group>"; };
		CAB6C4E81C6BB67200D34F7B /* UIKit+AFNetworking.h */ = {isa = PBXFileReference; fileEncoding = 4; lastKnownFileType = sourcecode.c.h; path = "UIKit+AFNetworking.h"; sourceTree = "<group>"; };
		CAB6C4E91C6BB67200D34F7B /* UIProgressView+AFNetworking.h */ = {isa = PBXFileReference; fileEncoding = 4; lastKnownFileType = sourcecode.c.h; path = "UIProgressView+AFNetworking.h"; sourceTree = "<group>"; };
		CAB6C4EA1C6BB67200D34F7B /* UIProgressView+AFNetworking.m */ = {isa = PBXFileReference; fileEncoding = 4; lastKnownFileType = sourcecode.c.objc; path = "UIProgressView+AFNetworking.m"; sourceTree = "<group>"; };
		CAB6C4EB1C6BB67200D34F7B /* UIWebView+AFNetworking.h */ = {isa = PBXFileReference; fileEncoding = 4; lastKnownFileType = sourcecode.c.h; path = "UIWebView+AFNetworking.h"; sourceTree = "<group>"; };
		CAB6C4EC1C6BB67200D34F7B /* UIWebView+AFNetworking.m */ = {isa = PBXFileReference; fileEncoding = 4; lastKnownFileType = sourcecode.c.objc; path = "UIWebView+AFNetworking.m"; sourceTree = "<group>"; };
		CAE690641C6A79E80015A3FC /* iOSProgrammingTest.app */ = {isa = PBXFileReference; explicitFileType = wrapper.application; includeInIndex = 0; path = iOSProgrammingTest.app; sourceTree = BUILT_PRODUCTS_DIR; };
		CAE690681C6A79E80015A3FC /* main.m */ = {isa = PBXFileReference; lastKnownFileType = sourcecode.c.objc; path = main.m; sourceTree = "<group>"; };
		CAE6906A1C6A79E80015A3FC /* AppDelegate.h */ = {isa = PBXFileReference; lastKnownFileType = sourcecode.c.h; path = AppDelegate.h; sourceTree = "<group>"; };
		CAE6906B1C6A79E80015A3FC /* AppDelegate.m */ = {isa = PBXFileReference; lastKnownFileType = sourcecode.c.objc; path = AppDelegate.m; sourceTree = "<group>"; };
		CAE6906D1C6A79E80015A3FC /* ViewController.h */ = {isa = PBXFileReference; lastKnownFileType = sourcecode.c.h; path = ViewController.h; sourceTree = "<group>"; };
		CAE6906E1C6A79E80015A3FC /* ViewController.m */ = {isa = PBXFileReference; lastKnownFileType = sourcecode.c.objc; path = ViewController.m; sourceTree = "<group>"; };
		CAE690711C6A79E80015A3FC /* Base */ = {isa = PBXFileReference; lastKnownFileType = file.storyboard; name = Base; path = Base.lproj/Main.storyboard; sourceTree = "<group>"; };
		CAE690731C6A79E80015A3FC /* Assets.xcassets */ = {isa = PBXFileReference; lastKnownFileType = folder.assetcatalog; path = Assets.xcassets; sourceTree = "<group>"; };
		CAE690761C6A79E80015A3FC /* Base */ = {isa = PBXFileReference; lastKnownFileType = file.storyboard; name = Base; path = Base.lproj/LaunchScreen.storyboard; sourceTree = "<group>"; };
		CAE690781C6A79E80015A3FC /* Info.plist */ = {isa = PBXFileReference; lastKnownFileType = text.plist.xml; path = Info.plist; sourceTree = "<group>"; };
		CAE6907D1C6A79E80015A3FC /* iOSProgrammingTestTests.xctest */ = {isa = PBXFileReference; explicitFileType = wrapper.cfbundle; includeInIndex = 0; path = iOSProgrammingTestTests.xctest; sourceTree = BUILT_PRODUCTS_DIR; };
		CAE690811C6A79E80015A3FC /* iOSProgrammingTestTests.m */ = {isa = PBXFileReference; lastKnownFileType = sourcecode.c.objc; path = iOSProgrammingTestTests.m; sourceTree = "<group>"; };
		CAE690831C6A79E80015A3FC /* Info.plist */ = {isa = PBXFileReference; lastKnownFileType = text.plist.xml; path = Info.plist; sourceTree = "<group>"; };
		CAE690881C6A79E80015A3FC /* iOSProgrammingTestUITests.xctest */ = {isa = PBXFileReference; explicitFileType = wrapper.cfbundle; includeInIndex = 0; path = iOSProgrammingTestUITests.xctest; sourceTree = BUILT_PRODUCTS_DIR; };
		CAE6908C1C6A79E80015A3FC /* iOSProgrammingTestUITests.m */ = {isa = PBXFileReference; lastKnownFileType = sourcecode.c.objc; path = iOSProgrammingTestUITests.m; sourceTree = "<group>"; };
		CAE6908E1C6A79E80015A3FC /* Info.plist */ = {isa = PBXFileReference; lastKnownFileType = text.plist.xml; path = Info.plist; sourceTree = "<group>"; };
		CAFF16A51C6BE3DF00B2B3AB /* MBProgressHUD.h */ = {isa = PBXFileReference; fileEncoding = 4; lastKnownFileType = sourcecode.c.h; path = MBProgressHUD.h; sourceTree = "<group>"; };
		CAFF16A61C6BE3DF00B2B3AB /* MBProgressHUD.m */ = {isa = PBXFileReference; fileEncoding = 4; lastKnownFileType = sourcecode.c.objc; path = MBProgressHUD.m; sourceTree = "<group>"; };
/* End PBXFileReference section */

/* Begin PBXFrameworksBuildPhase section */
		CAE690611C6A79E80015A3FC /* Frameworks */ = {
			isa = PBXFrameworksBuildPhase;
			buildActionMask = 2147483647;
			files = (
			);
			runOnlyForDeploymentPostprocessing = 0;
		};
		CAE6907A1C6A79E80015A3FC /* Frameworks */ = {
			isa = PBXFrameworksBuildPhase;
			buildActionMask = 2147483647;
			files = (
			);
			runOnlyForDeploymentPostprocessing = 0;
		};
		CAE690851C6A79E80015A3FC /* Frameworks */ = {
			isa = PBXFrameworksBuildPhase;
			buildActionMask = 2147483647;
			files = (
			);
			runOnlyForDeploymentPostprocessing = 0;
		};
/* End PBXFrameworksBuildPhase section */

/* Begin PBXGroup section */
		CAB6C4C01C6BB65900D34F7B /* AFNetworking */ = {
			isa = PBXGroup;
			children = (
				CAB6C4DD1C6BB67200D34F7B /* UIKit+AFNetworking */,
				CAB6C4C11C6BB65900D34F7B /* AFHTTPRequestOperation.h */,
				CAB6C4C21C6BB65900D34F7B /* AFHTTPRequestOperation.m */,
				CAB6C4C31C6BB65900D34F7B /* AFHTTPRequestOperationManager.h */,
				CAB6C4C41C6BB65900D34F7B /* AFHTTPRequestOperationManager.m */,
				CAB6C4C51C6BB65900D34F7B /* AFHTTPSessionManager.h */,
				CAB6C4C61C6BB65900D34F7B /* AFHTTPSessionManager.m */,
				CAB6C4C71C6BB65900D34F7B /* AFNetworking.h */,
				CAB6C4C81C6BB65900D34F7B /* AFNetworkReachabilityManager.h */,
				CAB6C4C91C6BB65900D34F7B /* AFNetworkReachabilityManager.m */,
				CAB6C4CA1C6BB65900D34F7B /* AFSecurityPolicy.h */,
				CAB6C4CB1C6BB65900D34F7B /* AFSecurityPolicy.m */,
				CAB6C4CC1C6BB65900D34F7B /* AFURLConnectionOperation.h */,
				CAB6C4CD1C6BB65900D34F7B /* AFURLConnectionOperation.m */,
				CAB6C4CE1C6BB65900D34F7B /* AFURLRequestSerialization.h */,
				CAB6C4CF1C6BB65900D34F7B /* AFURLRequestSerialization.m */,
				CAB6C4D01C6BB65900D34F7B /* AFURLResponseSerialization.h */,
				CAB6C4D11C6BB65900D34F7B /* AFURLResponseSerialization.m */,
				CAB6C4D21C6BB65900D34F7B /* AFURLSessionManager.h */,
				CAB6C4D31C6BB65900D34F7B /* AFURLSessionManager.m */,
			);
			path = AFNetworking;
			sourceTree = "<group>";
		};
		CAB6C4DD1C6BB67200D34F7B /* UIKit+AFNetworking */ = {
			isa = PBXGroup;
			children = (
				CAB6C4DE1C6BB67200D34F7B /* AFNetworkActivityIndicatorManager.h */,
				CAB6C4DF1C6BB67200D34F7B /* AFNetworkActivityIndicatorManager.m */,
				CAB6C4E01C6BB67200D34F7B /* UIActivityIndicatorView+AFNetworking.h */,
				CAB6C4E11C6BB67200D34F7B /* UIActivityIndicatorView+AFNetworking.m */,
				CAB6C4E21C6BB67200D34F7B /* UIAlertView+AFNetworking.h */,
				CAB6C4E31C6BB67200D34F7B /* UIAlertView+AFNetworking.m */,
				CAB6C4E41C6BB67200D34F7B /* UIButton+AFNetworking.h */,
				CAB6C4E51C6BB67200D34F7B /* UIButton+AFNetworking.m */,
				CAB6C4E61C6BB67200D34F7B /* UIImageView+AFNetworking.h */,
				CAB6C4E71C6BB67200D34F7B /* UIImageView+AFNetworking.m */,
				CAB6C4E81C6BB67200D34F7B /* UIKit+AFNetworking.h */,
				CAB6C4E91C6BB67200D34F7B /* UIProgressView+AFNetworking.h */,
				CAB6C4EA1C6BB67200D34F7B /* UIProgressView+AFNetworking.m */,
				CAB6C4EB1C6BB67200D34F7B /* UIWebView+AFNetworking.h */,
				CAB6C4EC1C6BB67200D34F7B /* UIWebView+AFNetworking.m */,
			);
			path = "UIKit+AFNetworking";
			sourceTree = "<group>";
		};
		CAE6905B1C6A79E70015A3FC = {
			isa = PBXGroup;
			children = (
				CAB6C4C01C6BB65900D34F7B /* AFNetworking */,
				CAE690661C6A79E80015A3FC /* iOSProgrammingTest */,
				CAE690801C6A79E80015A3FC /* iOSProgrammingTestTests */,
				CAE6908B1C6A79E80015A3FC /* iOSProgrammingTestUITests */,
				CAE690651C6A79E80015A3FC /* Products */,
			);
			sourceTree = "<group>";
		};
		CAE690651C6A79E80015A3FC /* Products */ = {
			isa = PBXGroup;
			children = (
				CAE690641C6A79E80015A3FC /* iOSProgrammingTest.app */,
				CAE6907D1C6A79E80015A3FC /* iOSProgrammingTestTests.xctest */,
				CAE690881C6A79E80015A3FC /* iOSProgrammingTestUITests.xctest */,
			);
			name = Products;
			sourceTree = "<group>";
		};
		CAE690661C6A79E80015A3FC /* iOSProgrammingTest */ = {
			isa = PBXGroup;
			children = (
				CAFF16A51C6BE3DF00B2B3AB /* MBProgressHUD.h */,
				CAFF16A61C6BE3DF00B2B3AB /* MBProgressHUD.m */,
				CAB6C4791C6ADF5500D34F7B /* MangerClass.h */,
				CAB6C47A1C6ADF5500D34F7B /* MangerClass.m */,
				CAE6906A1C6A79E80015A3FC /* AppDelegate.h */,
				CAE6906B1C6A79E80015A3FC /* AppDelegate.m */,
				CAE6906D1C6A79E80015A3FC /* ViewController.h */,
				CAE6906E1C6A79E80015A3FC /* ViewController.m */,
				CAB6C4761C6ADE6A00D34F7B /* ModelClass.h */,
				CAB6C4771C6ADE6A00D34F7B /* ModelClass.m */,
				CAE690701C6A79E80015A3FC /* Main.storyboard */,
				CAE690731C6A79E80015A3FC /* Assets.xcassets */,
				CAE690751C6A79E80015A3FC /* LaunchScreen.storyboard */,
				CAE690781C6A79E80015A3FC /* Info.plist */,
				CAE690671C6A79E80015A3FC /* Supporting Files */,
			);
			path = iOSProgrammingTest;
			sourceTree = "<group>";
		};
		CAE690671C6A79E80015A3FC /* Supporting Files */ = {
			isa = PBXGroup;
			children = (
				CAE690681C6A79E80015A3FC /* main.m */,
			);
			name = "Supporting Files";
			sourceTree = "<group>";
		};
		CAE690801C6A79E80015A3FC /* iOSProgrammingTestTests */ = {
			isa = PBXGroup;
			children = (
				CAE690811C6A79E80015A3FC /* iOSProgrammingTestTests.m */,
				CAE690831C6A79E80015A3FC /* Info.plist */,
			);
			path = iOSProgrammingTestTests;
			sourceTree = "<group>";
		};
		CAE6908B1C6A79E80015A3FC /* iOSProgrammingTestUITests */ = {
			isa = PBXGroup;
			children = (
				CAE6908C1C6A79E80015A3FC /* iOSProgrammingTestUITests.m */,
				CAE6908E1C6A79E80015A3FC /* Info.plist */,
			);
			path = iOSProgrammingTestUITests;
			sourceTree = "<group>";
		};
/* End PBXGroup section */

/* Begin PBXNativeTarget section */
		CAE690631C6A79E80015A3FC /* iOSProgrammingTest */ = {
			isa = PBXNativeTarget;
			buildConfigurationList = CAE690911C6A79E80015A3FC /* Build configuration list for PBXNativeTarget "iOSProgrammingTest" */;
			buildPhases = (
				CAE690601C6A79E80015A3FC /* Sources */,
				CAE690611C6A79E80015A3FC /* Frameworks */,
				CAE690621C6A79E80015A3FC /* Resources */,
			);
			buildRules = (
			);
			dependencies = (
			);
			name = iOSProgrammingTest;
			productName = iOSProgrammingTest;
			productReference = CAE690641C6A79E80015A3FC /* iOSProgrammingTest.app */;
			productType = "com.apple.product-type.application";
		};
		CAE6907C1C6A79E80015A3FC /* iOSProgrammingTestTests */ = {
			isa = PBXNativeTarget;
			buildConfigurationList = CAE690941C6A79E80015A3FC /* Build configuration list for PBXNativeTarget "iOSProgrammingTestTests" */;
			buildPhases = (
				CAE690791C6A79E80015A3FC /* Sources */,
				CAE6907A1C6A79E80015A3FC /* Frameworks */,
				CAE6907B1C6A79E80015A3FC /* Resources */,
			);
			buildRules = (
			);
			dependencies = (
				CAE6907F1C6A79E80015A3FC /* PBXTargetDependency */,
			);
			name = iOSProgrammingTestTests;
			productName = iOSProgrammingTestTests;
			productReference = CAE6907D1C6A79E80015A3FC /* iOSProgrammingTestTests.xctest */;
			productType = "com.apple.product-type.bundle.unit-test";
		};
		CAE690871C6A79E80015A3FC /* iOSProgrammingTestUITests */ = {
			isa = PBXNativeTarget;
			buildConfigurationList = CAE690971C6A79E80015A3FC /* Build configuration list for PBXNativeTarget "iOSProgrammingTestUITests" */;
			buildPhases = (
				CAE690841C6A79E80015A3FC /* Sources */,
				CAE690851C6A79E80015A3FC /* Frameworks */,
				CAE690861C6A79E80015A3FC /* Resources */,
			);
			buildRules = (
			);
			dependencies = (
				CAE6908A1C6A79E80015A3FC /* PBXTargetDependency */,
			);
			name = iOSProgrammingTestUITests;
			productName = iOSProgrammingTestUITests;
			productReference = CAE690881C6A79E80015A3FC /* iOSProgrammingTestUITests.xctest */;
			productType = "com.apple.product-type.bundle.ui-testing";
		};
/* End PBXNativeTarget section */

/* Begin PBXProject section */
		CAE6905C1C6A79E70015A3FC /* Project object */ = {
			isa = PBXProject;
			attributes = {
				LastUpgradeCheck = 0720;
				ORGANIZATIONNAME = "Augustus Wilson";
				TargetAttributes = {
					CAE690631C6A79E80015A3FC = {
						CreatedOnToolsVersion = 7.2;
					};
					CAE6907C1C6A79E80015A3FC = {
						CreatedOnToolsVersion = 7.2;
						TestTargetID = CAE690631C6A79E80015A3FC;
					};
					CAE690871C6A79E80015A3FC = {
						CreatedOnToolsVersion = 7.2;
						TestTargetID = CAE690631C6A79E80015A3FC;
					};
				};
			};
			buildConfigurationList = CAE6905F1C6A79E70015A3FC /* Build configuration list for PBXProject "iOSProgrammingTest" */;
			compatibilityVersion = "Xcode 3.2";
			developmentRegion = English;
			hasScannedForEncodings = 0;
			knownRegions = (
				en,
				Base,
			);
			mainGroup = CAE6905B1C6A79E70015A3FC;
			productRefGroup = CAE690651C6A79E80015A3FC /* Products */;
			projectDirPath = "";
			projectRoot = "";
			targets = (
				CAE690631C6A79E80015A3FC /* iOSProgrammingTest */,
				CAE6907C1C6A79E80015A3FC /* iOSProgrammingTestTests */,
				CAE690871C6A79E80015A3FC /* iOSProgrammingTestUITests */,
			);
		};
/* End PBXProject section */

/* Begin PBXResourcesBuildPhase section */
		CAE690621C6A79E80015A3FC /* Resources */ = {
			isa = PBXResourcesBuildPhase;
			buildActionMask = 2147483647;
			files = (
				CAE690771C6A79E80015A3FC /* LaunchScreen.storyboard in Resources */,
				CAE690741C6A79E80015A3FC /* Assets.xcassets in Resources */,
				CAE690721C6A79E80015A3FC /* Main.storyboard in Resources */,
			);
			runOnlyForDeploymentPostprocessing = 0;
		};
		CAE6907B1C6A79E80015A3FC /* Resources */ = {
			isa = PBXResourcesBuildPhase;
			buildActionMask = 2147483647;
			files = (
			);
			runOnlyForDeploymentPostprocessing = 0;
		};
		CAE690861C6A79E80015A3FC /* Resources */ = {
			isa = PBXResourcesBuildPhase;
			buildActionMask = 2147483647;
			files = (
			);
			runOnlyForDeploymentPostprocessing = 0;
		};
/* End PBXResourcesBuildPhase section */

/* Begin PBXSourcesBuildPhase section */
		CAE690601C6A79E80015A3FC /* Sources */ = {
			isa = PBXSourcesBuildPhase;
			buildActionMask = 2147483647;
			files = (
				CAB6C4D91C6BB65900D34F7B /* AFURLConnectionOperation.m in Sources */,
				CAB6C4D41C6BB65900D34F7B /* AFHTTPRequestOperation.m in Sources */,
				CAB6C4F01C6BB67200D34F7B /* UIButton+AFNetworking.m in Sources */,
				CAB6C4D71C6BB65900D34F7B /* AFNetworkReachabilityManager.m in Sources */,
				CAB6C4F21C6BB67200D34F7B /* UIProgressView+AFNetworking.m in Sources */,
				CAB6C4DC1C6BB65900D34F7B /* AFURLSessionManager.m in Sources */,
				CAB6C4DA1C6BB65900D34F7B /* AFURLRequestSerialization.m in Sources */,
				CAE6906F1C6A79E80015A3FC /* ViewController.m in Sources */,
				CAB6C4DB1C6BB65900D34F7B /* AFURLResponseSerialization.m in Sources */,
				CAB6C47B1C6ADF5500D34F7B /* MangerClass.m in Sources */,
				CAB6C4F11C6BB67200D34F7B /* UIImageView+AFNetworking.m in Sources */,
				CAE6906C1C6A79E80015A3FC /* AppDelegate.m in Sources */,
				CAB6C4EF1C6BB67200D34F7B /* UIAlertView+AFNetworking.m in Sources */,
				CAB6C4D51C6BB65900D34F7B /* AFHTTPRequestOperationManager.m in Sources */,
				CAB6C4D81C6BB65900D34F7B /* AFSecurityPolicy.m in Sources */,
				CAFF16A71C6BE3DF00B2B3AB /* MBProgressHUD.m in Sources */,
				CAB6C4781C6ADE6A00D34F7B /* ModelClass.m in Sources */,
				CAE690691C6A79E80015A3FC /* main.m in Sources */,
				CAB6C4F31C6BB67200D34F7B /* UIWebView+AFNetworking.m in Sources */,
				CAB6C4D61C6BB65900D34F7B /* AFHTTPSessionManager.m in Sources */,
				CAB6C4EE1C6BB67200D34F7B /* UIActivityIndicatorView+AFNetworking.m in Sources */,
				CAB6C4ED1C6BB67200D34F7B /* AFNetworkActivityIndicatorManager.m in Sources */,
			);
			runOnlyForDeploymentPostprocessing = 0;
		};
		CAE690791C6A79E80015A3FC /* Sources */ = {
			isa = PBXSourcesBuildPhase;
			buildActionMask = 2147483647;
			files = (
				CAE690821C6A79E80015A3FC /* iOSProgrammingTestTests.m in Sources */,
			);
			runOnlyForDeploymentPostprocessing = 0;
		};
		CAE690841C6A79E80015A3FC /* Sources */ = {
			isa = PBXSourcesBuildPhase;
			buildActionMask = 2147483647;
			files = (
				CAE6908D1C6A79E80015A3FC /* iOSProgrammingTestUITests.m in Sources */,
			);
			runOnlyForDeploymentPostprocessing = 0;
		};
/* End PBXSourcesBuildPhase section */

/* Begin PBXTargetDependency section */
		CAE6907F1C6A79E80015A3FC /* PBXTargetDependency */ = {
			isa = PBXTargetDependency;
			target = CAE690631C6A79E80015A3FC /* iOSProgrammingTest */;
			targetProxy = CAE6907E1C6A79E80015A3FC /* PBXContainerItemProxy */;
		};
		CAE6908A1C6A79E80015A3FC /* PBXTargetDependency */ = {
			isa = PBXTargetDependency;
			target = CAE690631C6A79E80015A3FC /* iOSProgrammingTest */;
			targetProxy = CAE690891C6A79E80015A3FC /* PBXContainerItemProxy */;
		};
/* End PBXTargetDependency section */

/* Begin PBXVariantGroup section */
		CAE690701C6A79E80015A3FC /* Main.storyboard */ = {
			isa = PBXVariantGroup;
			children = (
				CAE690711C6A79E80015A3FC /* Base */,
			);
			name = Main.storyboard;
			sourceTree = "<group>";
		};
		CAE690751C6A79E80015A3FC /* LaunchScreen.storyboard */ = {
			isa = PBXVariantGroup;
			children = (
				CAE690761C6A79E80015A3FC /* Base */,
			);
			name = LaunchScreen.storyboard;
			sourceTree = "<group>";
		};
/* End PBXVariantGroup section */

/* Begin XCBuildConfiguration section */
		CAE6908F1C6A79E80015A3FC /* Debug */ = {
			isa = XCBuildConfiguration;
			buildSettings = {
				ALWAYS_SEARCH_USER_PATHS = NO;
				CLANG_CXX_LANGUAGE_STANDARD = "gnu++0x";
				CLANG_CXX_LIBRARY = "libc++";
				CLANG_ENABLE_MODULES = YES;
				CLANG_ENABLE_OBJC_ARC = YES;
				CLANG_WARN_BOOL_CONVERSION = YES;
				CLANG_WARN_CONSTANT_CONVERSION = YES;
				CLANG_WARN_DIRECT_OBJC_ISA_USAGE = YES_ERROR;
				CLANG_WARN_EMPTY_BODY = YES;
				CLANG_WARN_ENUM_CONVERSION = YES;
				CLANG_WARN_INT_CONVERSION = YES;
				CLANG_WARN_OBJC_ROOT_CLASS = YES_ERROR;
				CLANG_WARN_UNREACHABLE_CODE = YES;
				CLANG_WARN__DUPLICATE_METHOD_MATCH = YES;
				"CODE_SIGN_IDENTITY[sdk=iphoneos*]" = "iPhone Developer";
				COPY_PHASE_STRIP = NO;
				DEBUG_INFORMATION_FORMAT = dwarf;
				ENABLE_STRICT_OBJC_MSGSEND = YES;
				ENABLE_TESTABILITY = YES;
				GCC_C_LANGUAGE_STANDARD = gnu99;
				GCC_DYNAMIC_NO_PIC = NO;
				GCC_NO_COMMON_BLOCKS = YES;
				GCC_OPTIMIZATION_LEVEL = 0;
				GCC_PREPROCESSOR_DEFINITIONS = (
					"DEBUG=1",
					"$(inherited)",
				);
				GCC_WARN_64_TO_32_BIT_CONVERSION = YES;
				GCC_WARN_ABOUT_RETURN_TYPE = YES_ERROR;
				GCC_WARN_UNDECLARED_SELECTOR = YES;
				GCC_WARN_UNINITIALIZED_AUTOS = YES_AGGRESSIVE;
				GCC_WARN_UNUSED_FUNCTION = YES;
				GCC_WARN_UNUSED_VARIABLE = YES;
				IPHONEOS_DEPLOYMENT_TARGET = 9.2;
				MTL_ENABLE_DEBUG_INFO = YES;
				ONLY_ACTIVE_ARCH = YES;
				SDKROOT = iphoneos;
				TARGETED_DEVICE_FAMILY = "1,2";
			};
			name = Debug;
		};
		CAE690901C6A79E80015A3FC /* Release */ = {
			isa = XCBuildConfiguration;
			buildSettings = {
				ALWAYS_SEARCH_USER_PATHS = NO;
				CLANG_CXX_LANGUAGE_STANDARD = "gnu++0x";
				CLANG_CXX_LIBRARY = "libc++";
				CLANG_ENABLE_MODULES = YES;
				CLANG_ENABLE_OBJC_ARC = YES;
				CLANG_WARN_BOOL_CONVERSION = YES;
				CLANG_WARN_CONSTANT_CONVERSION = YES;
				CLANG_WARN_DIRECT_OBJC_ISA_USAGE = YES_ERROR;
				CLANG_WARN_EMPTY_BODY = YES;
				CLANG_WARN_ENUM_CONVERSION = YES;
				CLANG_WARN_INT_CONVERSION = YES;
				CLANG_WARN_OBJC_ROOT_CLASS = YES_ERROR;
				CLANG_WARN_UNREACHABLE_CODE = YES;
				CLANG_WARN__DUPLICATE_METHOD_MATCH = YES;
				"CODE_SIGN_IDENTITY[sdk=iphoneos*]" = "iPhone Developer";
				COPY_PHASE_STRIP = NO;
				DEBUG_INFORMATION_FORMAT = "dwarf-with-dsym";
				ENABLE_NS_ASSERTIONS = NO;
				ENABLE_STRICT_OBJC_MSGSEND = YES;
				GCC_C_LANGUAGE_STANDARD = gnu99;
				GCC_NO_COMMON_BLOCKS = YES;
				GCC_WARN_64_TO_32_BIT_CONVERSION = YES;
				GCC_WARN_ABOUT_RETURN_TYPE = YES_ERROR;
				GCC_WARN_UNDECLARED_SELECTOR = YES;
				GCC_WARN_UNINITIALIZED_AUTOS = YES_AGGRESSIVE;
				GCC_WARN_UNUSED_FUNCTION = YES;
				GCC_WARN_UNUSED_VARIABLE = YES;
				IPHONEOS_DEPLOYMENT_TARGET = 9.2;
				MTL_ENABLE_DEBUG_INFO = NO;
				SDKROOT = iphoneos;
				TARGETED_DEVICE_FAMILY = "1,2";
				VALIDATE_PRODUCT = YES;
			};
			name = Release;
		};
		CAE690921C6A79E80015A3FC /* Debug */ = {
			isa = XCBuildConfiguration;
			buildSettings = {
				ASSETCATALOG_COMPILER_APPICON_NAME = AppIcon;
				INFOPLIST_FILE = iOSProgrammingTest/Info.plist;
				LD_RUNPATH_SEARCH_PATHS = "$(inherited) @executable_path/Frameworks";
				PRODUCT_BUNDLE_IDENTIFIER = gustoSolutions.iOSProgrammingTest;
				PRODUCT_NAME = "$(TARGET_NAME)";
			};
			name = Debug;
		};
		CAE690931C6A79E80015A3FC /* Release */ = {
			isa = XCBuildConfiguration;
			buildSettings = {
				ASSETCATALOG_COMPILER_APPICON_NAME = AppIcon;
				INFOPLIST_FILE = iOSProgrammingTest/Info.plist;
				LD_RUNPATH_SEARCH_PATHS = "$(inherited) @executable_path/Frameworks";
				PRODUCT_BUNDLE_IDENTIFIER = gustoSolutions.iOSProgrammingTest;
				PRODUCT_NAME = "$(TARGET_NAME)";
			};
			name = Release;
		};
		CAE690951C6A79E80015A3FC /* Debug */ = {
			isa = XCBuildConfiguration;
			buildSettings = {
				BUNDLE_LOADER = "$(TEST_HOST)";
				INFOPLIST_FILE = iOSProgrammingTestTests/Info.plist;
				LD_RUNPATH_SEARCH_PATHS = "$(inherited) @executable_path/Frameworks @loader_path/Frameworks";
				PRODUCT_BUNDLE_IDENTIFIER = gustoSolutions.iOSProgrammingTestTests;
				PRODUCT_NAME = "$(TARGET_NAME)";
				TEST_HOST = "$(BUILT_PRODUCTS_DIR)/iOSProgrammingTest.app/iOSProgrammingTest";
			};
			name = Debug;
		};
		CAE690961C6A79E80015A3FC /* Release */ = {
			isa = XCBuildConfiguration;
			buildSettings = {
				BUNDLE_LOADER = "$(TEST_HOST)";
				INFOPLIST_FILE = iOSProgrammingTestTests/Info.plist;
				LD_RUNPATH_SEARCH_PATHS = "$(inherited) @executable_path/Frameworks @loader_path/Frameworks";
				PRODUCT_BUNDLE_IDENTIFIER = gustoSolutions.iOSProgrammingTestTests;
				PRODUCT_NAME = "$(TARGET_NAME)";
				TEST_HOST = "$(BUILT_PRODUCTS_DIR)/iOSProgrammingTest.app/iOSProgrammingTest";
			};
			name = Release;
		};
		CAE690981C6A79E80015A3FC /* Debug */ = {
			isa = XCBuildConfiguration;
			buildSettings = {
				INFOPLIST_FILE = iOSProgrammingTestUITests/Info.plist;
				LD_RUNPATH_SEARCH_PATHS = "$(inherited) @executable_path/Frameworks @loader_path/Frameworks";
				PRODUCT_BUNDLE_IDENTIFIER = gustoSolutions.iOSProgrammingTestUITests;
				PRODUCT_NAME = "$(TARGET_NAME)";
				TEST_TARGET_NAME = iOSProgrammingTest;
				USES_XCTRUNNER = YES;
			};
			name = Debug;
		};
		CAE690991C6A79E80015A3FC /* Release */ = {
			isa = XCBuildConfiguration;
			buildSettings = {
				INFOPLIST_FILE = iOSProgrammingTestUITests/Info.plist;
				LD_RUNPATH_SEARCH_PATHS = "$(inherited) @executable_path/Frameworks @loader_path/Frameworks";
				PRODUCT_BUNDLE_IDENTIFIER = gustoSolutions.iOSProgrammingTestUITests;
				PRODUCT_NAME = "$(TARGET_NAME)";
				TEST_TARGET_NAME = iOSProgrammingTest;
				USES_XCTRUNNER = YES;
			};
			name = Release;
		};
/* End XCBuildConfiguration section */

/* Begin XCConfigurationList section */
		CAE6905F1C6A79E70015A3FC /* Build configuration list for PBXProject "iOSProgrammingTest" */ = {
			isa = XCConfigurationList;
			buildConfigurations = (
				CAE6908F1C6A79E80015A3FC /* Debug */,
				CAE690901C6A79E80015A3FC /* Release */,
			);
			defaultConfigurationIsVisible = 0;
			defaultConfigurationName = Release;
		};
		CAE690911C6A79E80015A3FC /* Build configuration list for PBXNativeTarget "iOSProgrammingTest" */ = {
			isa = XCConfigurationList;
			buildConfigurations = (
				CAE690921C6A79E80015A3FC /* Debug */,
				CAE690931C6A79E80015A3FC /* Release */,
			);
			defaultConfigurationIsVisible = 0;
			defaultConfigurationName = Release;
		};
		CAE690941C6A79E80015A3FC /* Build configuration list for PBXNativeTarget "iOSProgrammingTestTests" */ = {
			isa = XCConfigurationList;
			buildConfigurations = (
				CAE690951C6A79E80015A3FC /* Debug */,
				CAE690961C6A79E80015A3FC /* Release */,
			);
			defaultConfigurationIsVisible = 0;
			defaultConfigurationName = Release;
		};
		CAE690971C6A79E80015A3FC /* Build configuration list for PBXNativeTarget "iOSProgrammingTestUITests" */ = {
			isa = XCConfigurationList;
			buildConfigurations = (
				CAE690981C6A79E80015A3FC /* Debug */,
				CAE690991C6A79E80015A3FC /* Release */,
			);
			defaultConfigurationIsVisible = 0;
			defaultConfigurationName = Release;
		};
/* End XCConfigurationList section */
	};
	rootObject = CAE6905C1C6A79E70015A3FC /* Project object */;
}
